// !$*UTF8*$!
{
	archiveVersion = 1;
	classes = {
	};
	objectVersion = 55;
	objects = {

/* Begin PBXBuildFile section */
		189D30882B7357DF00BC335B /* ListingDataView.swift in Sources */ = {isa = PBXBuildFile; fileRef = 189D30872B7357DF00BC335B /* ListingDataView.swift */; };
		189D308B2B735D7100BC335B /* ListingImageCarouseView.swift in Sources */ = {isa = PBXBuildFile; fileRef = 189D308A2B735D7100BC335B /* ListingImageCarouseView.swift */; };
		18AB4E852B74FE6B00303571 /* MapView.swift in Sources */ = {isa = PBXBuildFile; fileRef = 18AB4E842B74FE6B00303571 /* MapView.swift */; };
		18B9475A2B725F5B00778AEC /* HotelBookingApp.swift in Sources */ = {isa = PBXBuildFile; fileRef = 18B947592B725F5B00778AEC /* HotelBookingApp.swift */; };
		18B9475C2B725F5B00778AEC /* ContentView.swift in Sources */ = {isa = PBXBuildFile; fileRef = 18B9475B2B725F5B00778AEC /* ContentView.swift */; };
		18B9475E2B725F6000778AEC /* Assets.xcassets in Resources */ = {isa = PBXBuildFile; fileRef = 18B9475D2B725F6000778AEC /* Assets.xcassets */; };
		18B947612B725F6000778AEC /* Preview Assets.xcassets in Resources */ = {isa = PBXBuildFile; fileRef = 18B947602B725F6000778AEC /* Preview Assets.xcassets */; };
		18B947732B72644300778AEC /* Explore.swift in Sources */ = {isa = PBXBuildFile; fileRef = 18B947722B72644300778AEC /* Explore.swift */; };
		18CA97BF2B7269FF003AC074 /* ListingView.swift in Sources */ = {isa = PBXBuildFile; fileRef = 18CA97BE2B7269FF003AC074 /* ListingView.swift */; };
		18CA97C12B72802A003AC074 /* SearchAndFilterBar.swift in Sources */ = {isa = PBXBuildFile; fileRef = 18CA97C02B72802A003AC074 /* SearchAndFilterBar.swift */; };
/* End PBXBuildFile section */

/* Begin PBXFileReference section */
		189D30872B7357DF00BC335B /* ListingDataView.swift */ = {isa = PBXFileReference; lastKnownFileType = sourcecode.swift; path = ListingDataView.swift; sourceTree = "<group>"; };
		189D308A2B735D7100BC335B /* ListingImageCarouseView.swift */ = {isa = PBXFileReference; lastKnownFileType = sourcecode.swift; path = ListingImageCarouseView.swift; sourceTree = "<group>"; };
		18AB4E842B74FE6B00303571 /* MapView.swift */ = {isa = PBXFileReference; lastKnownFileType = sourcecode.swift; path = MapView.swift; sourceTree = "<group>"; };
		18B947562B725F5B00778AEC /* HotelBooking.app */ = {isa = PBXFileReference; explicitFileType = wrapper.application; includeInIndex = 0; path = HotelBooking.app; sourceTree = BUILT_PRODUCTS_DIR; };
		18B947592B725F5B00778AEC /* HotelBookingApp.swift */ = {isa = PBXFileReference; lastKnownFileType = sourcecode.swift; path = HotelBookingApp.swift; sourceTree = "<group>"; };
		18B9475B2B725F5B00778AEC /* ContentView.swift */ = {isa = PBXFileReference; lastKnownFileType = sourcecode.swift; path = ContentView.swift; sourceTree = "<group>"; };
		18B9475D2B725F6000778AEC /* Assets.xcassets */ = {isa = PBXFileReference; lastKnownFileType = folder.assetcatalog; path = Assets.xcassets; sourceTree = "<group>"; };
		18B947602B725F6000778AEC /* Preview Assets.xcassets */ = {isa = PBXFileReference; lastKnownFileType = folder.assetcatalog; path = "Preview Assets.xcassets"; sourceTree = "<group>"; };
		18B947722B72644300778AEC /* Explore.swift */ = {isa = PBXFileReference; lastKnownFileType = sourcecode.swift; path = Explore.swift; sourceTree = "<group>"; };
		18CA97BE2B7269FF003AC074 /* ListingView.swift */ = {isa = PBXFileReference; lastKnownFileType = sourcecode.swift; path = ListingView.swift; sourceTree = "<group>"; };
		18CA97C02B72802A003AC074 /* SearchAndFilterBar.swift */ = {isa = PBXFileReference; lastKnownFileType = sourcecode.swift; path = SearchAndFilterBar.swift; sourceTree = "<group>"; };
/* End PBXFileReference section */

/* Begin PBXFrameworksBuildPhase section */
		18B947532B725F5B00778AEC /* Frameworks */ = {
			isa = PBXFrameworksBuildPhase;
			buildActionMask = 2147483647;
			files = (
			);
			runOnlyForDeploymentPostprocessing = 0;
		};
/* End PBXFrameworksBuildPhase section */

/* Begin PBXGroup section */
		189D30892B735D2800BC335B /* Components */ = {
			isa = PBXGroup;
			children = (
				189D308A2B735D7100BC335B /* ListingImageCarouseView.swift */,
			);
			path = Components;
			sourceTree = "<group>";
		};
		18B9474D2B725F5B00778AEC = {
			isa = PBXGroup;
			children = (
				18B947582B725F5B00778AEC /* HotelBooking */,
				18B947572B725F5B00778AEC /* Products */,
			);
			sourceTree = "<group>";
		};
		18B947572B725F5B00778AEC /* Products */ = {
			isa = PBXGroup;
			children = (
				18B947562B725F5B00778AEC /* HotelBooking.app */,
			);
			name = Products;
			sourceTree = "<group>";
		};
		18B947582B725F5B00778AEC /* HotelBooking */ = {
			isa = PBXGroup;
			children = (
				18B947682B7262B400778AEC /* App */,
				18B947672B7262A600778AEC /* Core */,
				18B947692B7262C200778AEC /* Extensions */,
				18B9476A2B7262EC00778AEC /* Models */,
				18B9476B2B7262FC00778AEC /* Utils */,
				18B9475B2B725F5B00778AEC /* ContentView.swift */,
				18B9475D2B725F6000778AEC /* Assets.xcassets */,
				18B9475F2B725F6000778AEC /* Preview Content */,
			);
			path = HotelBooking;
			sourceTree = "<group>";
		};
		18B9475F2B725F6000778AEC /* Preview Content */ = {
			isa = PBXGroup;
			children = (
				18B947602B725F6000778AEC /* Preview Assets.xcassets */,
			);
			path = "Preview Content";
			sourceTree = "<group>";
		};
		18B947672B7262A600778AEC /* Core */ = {
			isa = PBXGroup;
			children = (
				189D30892B735D2800BC335B /* Components */,
				18B9476C2B72636800778AEC /* Explore */,
				18B9476D2B72637700778AEC /* Listings */,
				18B9476E2B72638D00778AEC /* Profile */,
				18B9476F2B7263A000778AEC /* MapView */,
				18B947702B7263BB00778AEC /* TabBar */,
				18B947712B7263D600778AEC /* Root */,
			);
			path = Core;
			sourceTree = "<group>";
		};
		18B947682B7262B400778AEC /* App */ = {
			isa = PBXGroup;
			children = (
				18B947592B725F5B00778AEC /* HotelBookingApp.swift */,
			);
			path = App;
			sourceTree = "<group>";
		};
		18B947692B7262C200778AEC /* Extensions */ = {
			isa = PBXGroup;
			children = (
			);
			path = Extensions;
			sourceTree = "<group>";
		};
		18B9476A2B7262EC00778AEC /* Models */ = {
			isa = PBXGroup;
			children = (
			);
			path = Models;
			sourceTree = "<group>";
		};
		18B9476B2B7262FC00778AEC /* Utils */ = {
			isa = PBXGroup;
			children = (
			);
			path = Utils;
			sourceTree = "<group>";
		};
		18B9476C2B72636800778AEC /* Explore */ = {
			isa = PBXGroup;
			children = (
				18B947722B72644300778AEC /* Explore.swift */,
				18CA97C02B72802A003AC074 /* SearchAndFilterBar.swift */,
			);
			path = Explore;
			sourceTree = "<group>";
		};
		18B9476D2B72637700778AEC /* Listings */ = {
			isa = PBXGroup;
			children = (
				18CA97BE2B7269FF003AC074 /* ListingView.swift */,
				189D30872B7357DF00BC335B /* ListingDataView.swift */,
			);
			path = Listings;
			sourceTree = "<group>";
		};
		18B9476E2B72638D00778AEC /* Profile */ = {
			isa = PBXGroup;
			children = (
			);
			path = Profile;
			sourceTree = "<group>";
		};
		18B9476F2B7263A000778AEC /* MapView */ = {
			isa = PBXGroup;
			children = (
				18AB4E842B74FE6B00303571 /* MapView.swift */,
			);
			path = MapView;
			sourceTree = "<group>";
		};
		18B947702B7263BB00778AEC /* TabBar */ = {
			isa = PBXGroup;
			children = (
			);
			path = TabBar;
			sourceTree = "<group>";
		};
		18B947712B7263D600778AEC /* Root */ = {
			isa = PBXGroup;
			children = (
			);
			path = Root;
			sourceTree = "<group>";
		};
/* End PBXGroup section */

/* Begin PBXNativeTarget section */
		18B947552B725F5B00778AEC /* HotelBooking */ = {
			isa = PBXNativeTarget;
			buildConfigurationList = 18B947642B725F6100778AEC /* Build configuration list for PBXNativeTarget "HotelBooking" */;
			buildPhases = (
				18B947522B725F5B00778AEC /* Sources */,
				18B947532B725F5B00778AEC /* Frameworks */,
				18B947542B725F5B00778AEC /* Resources */,
			);
			buildRules = (
			);
			dependencies = (
			);
			name = HotelBooking;
			productName = HotelBooking;
			productReference = 18B947562B725F5B00778AEC /* HotelBooking.app */;
			productType = "com.apple.product-type.application";
		};
/* End PBXNativeTarget section */

/* Begin PBXProject section */
		18B9474E2B725F5B00778AEC /* Project object */ = {
			isa = PBXProject;
			attributes = {
				BuildIndependentTargetsInParallel = 1;
				LastSwiftUpdateCheck = 1320;
				LastUpgradeCheck = 1320;
				TargetAttributes = {
					18B947552B725F5B00778AEC = {
						CreatedOnToolsVersion = 13.2.1;
					};
				};
			};
			buildConfigurationList = 18B947512B725F5B00778AEC /* Build configuration list for PBXProject "HotelBooking" */;
			compatibilityVersion = "Xcode 13.0";
			developmentRegion = en;
			hasScannedForEncodings = 0;
			knownRegions = (
				en,
				Base,
			);
			mainGroup = 18B9474D2B725F5B00778AEC;
			productRefGroup = 18B947572B725F5B00778AEC /* Products */;
			projectDirPath = "";
			projectRoot = "";
			targets = (
				18B947552B725F5B00778AEC /* HotelBooking */,
			);
		};
/* End PBXProject section */

/* Begin PBXResourcesBuildPhase section */
		18B947542B725F5B00778AEC /* Resources */ = {
			isa = PBXResourcesBuildPhase;
			buildActionMask = 2147483647;
			files = (
				18B947612B725F6000778AEC /* Preview Assets.xcassets in Resources */,
				18B9475E2B725F6000778AEC /* Assets.xcassets in Resources */,
			);
			runOnlyForDeploymentPostprocessing = 0;
		};
/* End PBXResourcesBuildPhase section */

/* Begin PBXSourcesBuildPhase section */
		18B947522B725F5B00778AEC /* Sources */ = {
			isa = PBXSourcesBuildPhase;
			buildActionMask = 2147483647;
			files = (
				18B9475C2B725F5B00778AEC /* ContentView.swift in Sources */,
				18AB4E852B74FE6B00303571 /* MapView.swift in Sources */,
				189D30882B7357DF00BC335B /* ListingDataView.swift in Sources */,
				189D308B2B735D7100BC335B /* ListingImageCarouseView.swift in Sources */,
				18CA97BF2B7269FF003AC074 /* ListingView.swift in Sources */,
				18B9475A2B725F5B00778AEC /* HotelBookingApp.swift in Sources */,
				18CA97C12B72802A003AC074 /* SearchAndFilterBar.swift in Sources */,
				18B947732B72644300778AEC /* Explore.swift in Sources */,
			);
			runOnlyForDeploymentPostprocessing = 0;
		};
/* End PBXSourcesBuildPhase section */

/* Begin XCBuildConfiguration section */
		18B947622B725F6000778AEC /* Debug */ = {
			isa = XCBuildConfiguration;
			buildSettings = {
				ALWAYS_SEARCH_USER_PATHS = NO;
				CLANG_ANALYZER_NONNULL = YES;
				CLANG_ANALYZER_NUMBER_OBJECT_CONVERSION = YES_AGGRESSIVE;
				CLANG_CXX_LANGUAGE_STANDARD = "gnu++17";
				CLANG_CXX_LIBRARY = "libc++";
				CLANG_ENABLE_MODULES = YES;
				CLANG_ENABLE_OBJC_ARC = YES;
				CLANG_ENABLE_OBJC_WEAK = YES;
				CLANG_WARN_BLOCK_CAPTURE_AUTORELEASING = YES;
				CLANG_WARN_BOOL_CONVERSION = YES;
				CLANG_WARN_COMMA = YES;
				CLANG_WARN_CONSTANT_CONVERSION = YES;
				CLANG_WARN_DEPRECATED_OBJC_IMPLEMENTATIONS = YES;
				CLANG_WARN_DIRECT_OBJC_ISA_USAGE = YES_ERROR;
				CLANG_WARN_DOCUMENTATION_COMMENTS = YES;
				CLANG_WARN_EMPTY_BODY = YES;
				CLANG_WARN_ENUM_CONVERSION = YES;
				CLANG_WARN_INFINITE_RECURSION = YES;
				CLANG_WARN_INT_CONVERSION = YES;
				CLANG_WARN_NON_LITERAL_NULL_CONVERSION = YES;
				CLANG_WARN_OBJC_IMPLICIT_RETAIN_SELF = YES;
				CLANG_WARN_OBJC_LITERAL_CONVERSION = YES;
				CLANG_WARN_OBJC_ROOT_CLASS = YES_ERROR;
				CLANG_WARN_QUOTED_INCLUDE_IN_FRAMEWORK_HEADER = YES;
				CLANG_WARN_RANGE_LOOP_ANALYSIS = YES;
				CLANG_WARN_STRICT_PROTOTYPES = YES;
				CLANG_WARN_SUSPICIOUS_MOVE = YES;
				CLANG_WARN_UNGUARDED_AVAILABILITY = YES_AGGRESSIVE;
				CLANG_WARN_UNREACHABLE_CODE = YES;
				CLANG_WARN__DUPLICATE_METHOD_MATCH = YES;
				COPY_PHASE_STRIP = NO;
				DEBUG_INFORMATION_FORMAT = dwarf;
				ENABLE_STRICT_OBJC_MSGSEND = YES;
				ENABLE_TESTABILITY = YES;
				GCC_C_LANGUAGE_STANDARD = gnu11;
				GCC_DYNAMIC_NO_PIC = NO;
				GCC_NO_COMMON_BLOCKS = YES;
				GCC_OPTIMIZATION_LEVEL = 0;
				GCC_PREPROCESSOR_DEFINITIONS = (
					"DEBUG=1",
					"$(inherited)",
				);
				GCC_WARN_64_TO_32_BIT_CONVERSION = YES;
				GCC_WARN_ABOUT_RETURN_TYPE = YES_ERROR;
				GCC_WARN_UNDECLARED_SELECTOR = YES;
				GCC_WARN_UNINITIALIZED_AUTOS = YES_AGGRESSIVE;
				GCC_WARN_UNUSED_FUNCTION = YES;
				GCC_WARN_UNUSED_VARIABLE = YES;
				IPHONEOS_DEPLOYMENT_TARGET = 15.2;
				MTL_ENABLE_DEBUG_INFO = INCLUDE_SOURCE;
				MTL_FAST_MATH = YES;
				ONLY_ACTIVE_ARCH = YES;
				SDKROOT = iphoneos;
				SWIFT_ACTIVE_COMPILATION_CONDITIONS = DEBUG;
				SWIFT_OPTIMIZATION_LEVEL = "-Onone";
			};
			name = Debug;
		};
		18B947632B725F6000778AEC /* Release */ = {
			isa = XCBuildConfiguration;
			buildSettings = {
				ALWAYS_SEARCH_USER_PATHS = NO;
				CLANG_ANALYZER_NONNULL = YES;
				CLANG_ANALYZER_NUMBER_OBJECT_CONVERSION = YES_AGGRESSIVE;
				CLANG_CXX_LANGUAGE_STANDARD = "gnu++17";
				CLANG_CXX_LIBRARY = "libc++";
				CLANG_ENABLE_MODULES = YES;
				CLANG_ENABLE_OBJC_ARC = YES;
				CLANG_ENABLE_OBJC_WEAK = YES;
				CLANG_WARN_BLOCK_CAPTURE_AUTORELEASING = YES;
				CLANG_WARN_BOOL_CONVERSION = YES;
				CLANG_WARN_COMMA = YES;
				CLANG_WARN_CONSTANT_CONVERSION = YES;
				CLANG_WARN_DEPRECATED_OBJC_IMPLEMENTATIONS = YES;
				CLANG_WARN_DIRECT_OBJC_ISA_USAGE = YES_ERROR;
				CLANG_WARN_DOCUMENTATION_COMMENTS = YES;
				CLANG_WARN_EMPTY_BODY = YES;
				CLANG_WARN_ENUM_CONVERSION = YES;
				CLANG_WARN_INFINITE_RECURSION = YES;
				CLANG_WARN_INT_CONVERSION = YES;
				CLANG_WARN_NON_LITERAL_NULL_CONVERSION = YES;
				CLANG_WARN_OBJC_IMPLICIT_RETAIN_SELF = YES;
				CLANG_WARN_OBJC_LITERAL_CONVERSION = YES;
				CLANG_WARN_OBJC_ROOT_CLASS = YES_ERROR;
				CLANG_WARN_QUOTED_INCLUDE_IN_FRAMEWORK_HEADER = YES;
				CLANG_WARN_RANGE_LOOP_ANALYSIS = YES;
				CLANG_WARN_STRICT_PROTOTYPES = YES;
				CLANG_WARN_SUSPICIOUS_MOVE = YES;
				CLANG_WARN_UNGUARDED_AVAILABILITY = YES_AGGRESSIVE;
				CLANG_WARN_UNREACHABLE_CODE = YES;
				CLANG_WARN__DUPLICATE_METHOD_MATCH = YES;
				COPY_PHASE_STRIP = NO;
				DEBUG_INFORMATION_FORMAT = "dwarf-with-dsym";
				ENABLE_NS_ASSERTIONS = NO;
				ENABLE_STRICT_OBJC_MSGSEND = YES;
				GCC_C_LANGUAGE_STANDARD = gnu11;
				GCC_NO_COMMON_BLOCKS = YES;
				GCC_WARN_64_TO_32_BIT_CONVERSION = YES;
				GCC_WARN_ABOUT_RETURN_TYPE = YES_ERROR;
				GCC_WARN_UNDECLARED_SELECTOR = YES;
				GCC_WARN_UNINITIALIZED_AUTOS = YES_AGGRESSIVE;
				GCC_WARN_UNUSED_FUNCTION = YES;
				GCC_WARN_UNUSED_VARIABLE = YES;
				IPHONEOS_DEPLOYMENT_TARGET = 15.2;
				MTL_ENABLE_DEBUG_INFO = NO;
				MTL_FAST_MATH = YES;
				SDKROOT = iphoneos;
				SWIFT_COMPILATION_MODE = wholemodule;
				SWIFT_OPTIMIZATION_LEVEL = "-O";
				VALIDATE_PRODUCT = YES;
			};
			name = Release;
		};
		18B947652B725F6100778AEC /* Debug */ = {
			isa = XCBuildConfiguration;
			buildSettings = {
				ASSETCATALOG_COMPILER_APPICON_NAME = AppIcon;
				ASSETCATALOG_COMPILER_GLOBAL_ACCENT_COLOR_NAME = AccentColor;
				CODE_SIGN_STYLE = Automatic;
				CURRENT_PROJECT_VERSION = 1;
				DEVELOPMENT_ASSET_PATHS = "\"HotelBooking/Preview Content\"";
				DEVELOPMENT_TEAM = B3T7FH3ZG6;
				ENABLE_PREVIEWS = YES;
				GENERATE_INFOPLIST_FILE = YES;
				INFOPLIST_KEY_UIApplicationSceneManifest_Generation = YES;
				INFOPLIST_KEY_UIApplicationSupportsIndirectInputEvents = YES;
				INFOPLIST_KEY_UILaunchScreen_Generation = YES;
				INFOPLIST_KEY_UISupportedInterfaceOrientations_iPad = "UIInterfaceOrientationPortrait UIInterfaceOrientationPortraitUpsideDown UIInterfaceOrientationLandscapeLeft UIInterfaceOrientationLandscapeRight";
				INFOPLIST_KEY_UISupportedInterfaceOrientations_iPhone = "UIInterfaceOrientationPortrait UIInterfaceOrientationLandscapeLeft UIInterfaceOrientationLandscapeRight";
				LD_RUNPATH_SEARCH_PATHS = (
					"$(inherited)",
					"@executable_path/Frameworks",
				);
				MARKETING_VERSION = 1.0;
				PRODUCT_BUNDLE_IDENTIFIER = com.Dan.HotelBooking;
				PRODUCT_NAME = "$(TARGET_NAME)";
				SWIFT_EMIT_LOC_STRINGS = YES;
				SWIFT_VERSION = 5.0;
				TARGETED_DEVICE_FAMILY = "1,2";
			};
			name = Debug;
		};
		18B947662B725F6100778AEC /* Release */ = {
			isa = XCBuildConfiguration;
			buildSettings = {
				ASSETCATALOG_COMPILER_APPICON_NAME = AppIcon;
				ASSETCATALOG_COMPILER_GLOBAL_ACCENT_COLOR_NAME = AccentColor;
				CODE_SIGN_STYLE = Automatic;
				CURRENT_PROJECT_VERSION = 1;
				DEVELOPMENT_ASSET_PATHS = "\"HotelBooking/Preview Content\"";
				DEVELOPMENT_TEAM = B3T7FH3ZG6;
				ENABLE_PREVIEWS = YES;
				GENERATE_INFOPLIST_FILE = YES;
				INFOPLIST_KEY_UIApplicationSceneManifest_Generation = YES;
				INFOPLIST_KEY_UIApplicationSupportsIndirectInputEvents = YES;
				INFOPLIST_KEY_UILaunchScreen_Generation = YES;
				INFOPLIST_KEY_UISupportedInterfaceOrientations_iPad = "UIInterfaceOrientationPortrait UIInterfaceOrientationPortraitUpsideDown UIInterfaceOrientationLandscapeLeft UIInterfaceOrientationLandscapeRight";
				INFOPLIST_KEY_UISupportedInterfaceOrientations_iPhone = "UIInterfaceOrientationPortrait UIInterfaceOrientationLandscapeLeft UIInterfaceOrientationLandscapeRight";
				LD_RUNPATH_SEARCH_PATHS = (
					"$(inherited)",
					"@executable_path/Frameworks",
				);
				MARKETING_VERSION = 1.0;
				PRODUCT_BUNDLE_IDENTIFIER = com.Dan.HotelBooking;
				PRODUCT_NAME = "$(TARGET_NAME)";
				SWIFT_EMIT_LOC_STRINGS = YES;
				SWIFT_VERSION = 5.0;
				TARGETED_DEVICE_FAMILY = "1,2";
			};
			name = Release;
		};
/* End XCBuildConfiguration section */

/* Begin XCConfigurationList section */
		18B947512B725F5B00778AEC /* Build configuration list for PBXProject "HotelBooking" */ = {
			isa = XCConfigurationList;
			buildConfigurations = (
				18B947622B725F6000778AEC /* Debug */,
				18B947632B725F6000778AEC /* Release */,
			);
			defaultConfigurationIsVisible = 0;
			defaultConfigurationName = Release;
		};
		18B947642B725F6100778AEC /* Build configuration list for PBXNativeTarget "HotelBooking" */ = {
			isa = XCConfigurationList;
			buildConfigurations = (
				18B947652B725F6100778AEC /* Debug */,
				18B947662B725F6100778AEC /* Release */,
			);
			defaultConfigurationIsVisible = 0;
			defaultConfigurationName = Release;
		};
/* End XCConfigurationList section */
	};
	rootObject = 18B9474E2B725F5B00778AEC /* Project object */;
}
